// !$*UTF8*$!
{
	archiveVersion = 1;
	classes = {
	};
	objectVersion = 48;
	objects = {

/* Begin PBXBuildFile section */
		4E78E5D4202EFA4900BC1431 /* FirstViewController.swift in Sources */ = {isa = PBXBuildFile; fileRef = 4E78E5D3202EFA4900BC1431 /* FirstViewController.swift */; };
		4E78E5D6202EFA6500BC1431 /* SecondViewController.swift in Sources */ = {isa = PBXBuildFile; fileRef = 4E78E5D5202EFA6500BC1431 /* SecondViewController.swift */; };
		4E78E5DA202F158600BC1431 /* PopUpViewController.swift in Sources */ = {isa = PBXBuildFile; fileRef = 4E78E5D9202F158600BC1431 /* PopUpViewController.swift */; };
		4E7AD2DB202E129C00D1CFD9 /* PhotoJson.swift in Sources */ = {isa = PBXBuildFile; fileRef = 4E7AD2DA202E129C00D1CFD9 /* PhotoJson.swift */; };
		4E7AD2DD202E18F900D1CFD9 /* Requests.swift in Sources */ = {isa = PBXBuildFile; fileRef = 4E7AD2DC202E18F900D1CFD9 /* Requests.swift */; };
		4E838580202CF582001CF293 /* AppDelegate.swift in Sources */ = {isa = PBXBuildFile; fileRef = 4E83857F202CF582001CF293 /* AppDelegate.swift */; };
		4E838582202CF582001CF293 /* ViewController.swift in Sources */ = {isa = PBXBuildFile; fileRef = 4E838581202CF582001CF293 /* ViewController.swift */; };
		4E838585202CF582001CF293 /* Main.storyboard in Resources */ = {isa = PBXBuildFile; fileRef = 4E838583202CF582001CF293 /* Main.storyboard */; };
		4E838587202CF582001CF293 /* Assets.xcassets in Resources */ = {isa = PBXBuildFile; fileRef = 4E838586202CF582001CF293 /* Assets.xcassets */; };
		4E83858A202CF582001CF293 /* LaunchScreen.storyboard in Resources */ = {isa = PBXBuildFile; fileRef = 4E838588202CF582001CF293 /* LaunchScreen.storyboard */; };
		4E838595202CF582001CF293 /* PhotoViewerTests.swift in Sources */ = {isa = PBXBuildFile; fileRef = 4E838594202CF582001CF293 /* PhotoViewerTests.swift */; };
		4E8385A0202CF582001CF293 /* PhotoViewerUITests.swift in Sources */ = {isa = PBXBuildFile; fileRef = 4E83859F202CF582001CF293 /* PhotoViewerUITests.swift */; };
		4E8385B4202D054A001CF293 /* MyPageViewController.swift in Sources */ = {isa = PBXBuildFile; fileRef = 4E8385B3202D054A001CF293 /* MyPageViewController.swift */; };
		4E8385B7202D066A001CF293 /* BaseViewController.swift in Sources */ = {isa = PBXBuildFile; fileRef = 4E8385B6202D066A001CF293 /* BaseViewController.swift */; };
		4E8385B9202D0C87001CF293 /* OperatingPageViewController.swift in Sources */ = {isa = PBXBuildFile; fileRef = 4E8385B8202D0C87001CF293 /* OperatingPageViewController.swift */; };
		8D80C11098A62ACCD85E287B /* Pods_PhotoViewerTests.framework in Frameworks */ = {isa = PBXBuildFile; fileRef = 75DE7CDF6AD9D717950EEEFD /* Pods_PhotoViewerTests.framework */; };
		E41E1246088C4CD2D174406E /* Pods_PhotoViewer.framework in Frameworks */ = {isa = PBXBuildFile; fileRef = E6EF60A68E85069F7A8751B5 /* Pods_PhotoViewer.framework */; };
		FC89840DB52385798C15C636 /* Pods_PhotoViewerUITests.framework in Frameworks */ = {isa = PBXBuildFile; fileRef = C9B181F0BCEFAC92F1989369 /* Pods_PhotoViewerUITests.framework */; };
/* End PBXBuildFile section */

/* Begin PBXContainerItemProxy section */
		4E838591202CF582001CF293 /* PBXContainerItemProxy */ = {
			isa = PBXContainerItemProxy;
			containerPortal = 4E838574202CF582001CF293 /* Project object */;
			proxyType = 1;
			remoteGlobalIDString = 4E83857B202CF582001CF293;
			remoteInfo = PhotoViewer;
		};
		4E83859C202CF582001CF293 /* PBXContainerItemProxy */ = {
			isa = PBXContainerItemProxy;
			containerPortal = 4E838574202CF582001CF293 /* Project object */;
			proxyType = 1;
			remoteGlobalIDString = 4E83857B202CF582001CF293;
			remoteInfo = PhotoViewer;
		};
/* End PBXContainerItemProxy section */

/* Begin PBXFileReference section */
		470060AD8BAE5D99C67BD4E4 /* Pods-PhotoViewer.debug.xcconfig */ = {isa = PBXFileReference; includeInIndex = 1; lastKnownFileType = text.xcconfig; name = "Pods-PhotoViewer.debug.xcconfig"; path = "Pods/Target Support Files/Pods-PhotoViewer/Pods-PhotoViewer.debug.xcconfig"; sourceTree = "<group>"; };
		4E78E5D3202EFA4900BC1431 /* FirstViewController.swift */ = {isa = PBXFileReference; lastKnownFileType = sourcecode.swift; path = FirstViewController.swift; sourceTree = "<group>"; };
		4E78E5D5202EFA6500BC1431 /* SecondViewController.swift */ = {isa = PBXFileReference; lastKnownFileType = sourcecode.swift; path = SecondViewController.swift; sourceTree = "<group>"; };
		4E78E5D9202F158600BC1431 /* PopUpViewController.swift */ = {isa = PBXFileReference; lastKnownFileType = sourcecode.swift; path = PopUpViewController.swift; sourceTree = "<group>"; };
		4E7AD2DA202E129C00D1CFD9 /* PhotoJson.swift */ = {isa = PBXFileReference; lastKnownFileType = sourcecode.swift; path = PhotoJson.swift; sourceTree = "<group>"; };
		4E7AD2DC202E18F900D1CFD9 /* Requests.swift */ = {isa = PBXFileReference; lastKnownFileType = sourcecode.swift; path = Requests.swift; sourceTree = "<group>"; };
		4E83857C202CF582001CF293 /* PhotoViewer.app */ = {isa = PBXFileReference; explicitFileType = wrapper.application; includeInIndex = 0; path = PhotoViewer.app; sourceTree = BUILT_PRODUCTS_DIR; };
		4E83857F202CF582001CF293 /* AppDelegate.swift */ = {isa = PBXFileReference; lastKnownFileType = sourcecode.swift; path = AppDelegate.swift; sourceTree = "<group>"; };
		4E838581202CF582001CF293 /* ViewController.swift */ = {isa = PBXFileReference; lastKnownFileType = sourcecode.swift; path = ViewController.swift; sourceTree = "<group>"; };
		4E838584202CF582001CF293 /* Base */ = {isa = PBXFileReference; lastKnownFileType = file.storyboard; name = Base; path = Base.lproj/Main.storyboard; sourceTree = "<group>"; };
		4E838586202CF582001CF293 /* Assets.xcassets */ = {isa = PBXFileReference; lastKnownFileType = folder.assetcatalog; path = Assets.xcassets; sourceTree = "<group>"; };
		4E838589202CF582001CF293 /* Base */ = {isa = PBXFileReference; lastKnownFileType = file.storyboard; name = Base; path = Base.lproj/LaunchScreen.storyboard; sourceTree = "<group>"; };
		4E83858B202CF582001CF293 /* Info.plist */ = {isa = PBXFileReference; lastKnownFileType = text.plist.xml; path = Info.plist; sourceTree = "<group>"; };
		4E838590202CF582001CF293 /* PhotoViewerTests.xctest */ = {isa = PBXFileReference; explicitFileType = wrapper.cfbundle; includeInIndex = 0; path = PhotoViewerTests.xctest; sourceTree = BUILT_PRODUCTS_DIR; };
		4E838594202CF582001CF293 /* PhotoViewerTests.swift */ = {isa = PBXFileReference; lastKnownFileType = sourcecode.swift; path = PhotoViewerTests.swift; sourceTree = "<group>"; };
		4E838596202CF582001CF293 /* Info.plist */ = {isa = PBXFileReference; lastKnownFileType = text.plist.xml; path = Info.plist; sourceTree = "<group>"; };
		4E83859B202CF582001CF293 /* PhotoViewerUITests.xctest */ = {isa = PBXFileReference; explicitFileType = wrapper.cfbundle; includeInIndex = 0; path = PhotoViewerUITests.xctest; sourceTree = BUILT_PRODUCTS_DIR; };
		4E83859F202CF582001CF293 /* PhotoViewerUITests.swift */ = {isa = PBXFileReference; lastKnownFileType = sourcecode.swift; path = PhotoViewerUITests.swift; sourceTree = "<group>"; };
		4E8385A1202CF583001CF293 /* Info.plist */ = {isa = PBXFileReference; lastKnownFileType = text.plist.xml; path = Info.plist; sourceTree = "<group>"; };
		4E8385B3202D054A001CF293 /* MyPageViewController.swift */ = {isa = PBXFileReference; lastKnownFileType = sourcecode.swift; path = MyPageViewController.swift; sourceTree = "<group>"; };
		4E8385B6202D066A001CF293 /* BaseViewController.swift */ = {isa = PBXFileReference; lastKnownFileType = sourcecode.swift; path = BaseViewController.swift; sourceTree = "<group>"; };
		4E8385B8202D0C87001CF293 /* OperatingPageViewController.swift */ = {isa = PBXFileReference; lastKnownFileType = sourcecode.swift; path = OperatingPageViewController.swift; sourceTree = "<group>"; };
		6111FF7C38227536E81818C6 /* Pods-PhotoViewer.release.xcconfig */ = {isa = PBXFileReference; includeInIndex = 1; lastKnownFileType = text.xcconfig; name = "Pods-PhotoViewer.release.xcconfig"; path = "Pods/Target Support Files/Pods-PhotoViewer/Pods-PhotoViewer.release.xcconfig"; sourceTree = "<group>"; };
		75DE7CDF6AD9D717950EEEFD /* Pods_PhotoViewerTests.framework */ = {isa = PBXFileReference; explicitFileType = wrapper.framework; includeInIndex = 0; path = Pods_PhotoViewerTests.framework; sourceTree = BUILT_PRODUCTS_DIR; };
		A995AE75CD1CEF4C4ED08309 /* Pods-PhotoViewerTests.release.xcconfig */ = {isa = PBXFileReference; includeInIndex = 1; lastKnownFileType = text.xcconfig; name = "Pods-PhotoViewerTests.release.xcconfig"; path = "Pods/Target Support Files/Pods-PhotoViewerTests/Pods-PhotoViewerTests.release.xcconfig"; sourceTree = "<group>"; };
		C9B181F0BCEFAC92F1989369 /* Pods_PhotoViewerUITests.framework */ = {isa = PBXFileReference; explicitFileType = wrapper.framework; includeInIndex = 0; path = Pods_PhotoViewerUITests.framework; sourceTree = BUILT_PRODUCTS_DIR; };
		D2693F14D2920D6B0FAEEDBA /* Pods-PhotoViewerUITests.debug.xcconfig */ = {isa = PBXFileReference; includeInIndex = 1; lastKnownFileType = text.xcconfig; name = "Pods-PhotoViewerUITests.debug.xcconfig"; path = "Pods/Target Support Files/Pods-PhotoViewerUITests/Pods-PhotoViewerUITests.debug.xcconfig"; sourceTree = "<group>"; };
		E2E28A39FBFF19D0A06FED4C /* Pods-PhotoViewerUITests.release.xcconfig */ = {isa = PBXFileReference; includeInIndex = 1; lastKnownFileType = text.xcconfig; name = "Pods-PhotoViewerUITests.release.xcconfig"; path = "Pods/Target Support Files/Pods-PhotoViewerUITests/Pods-PhotoViewerUITests.release.xcconfig"; sourceTree = "<group>"; };
		E6EF60A68E85069F7A8751B5 /* Pods_PhotoViewer.framework */ = {isa = PBXFileReference; explicitFileType = wrapper.framework; includeInIndex = 0; path = Pods_PhotoViewer.framework; sourceTree = BUILT_PRODUCTS_DIR; };
		E6FD4815DCA5F1EDCA691F1B /* Pods-PhotoViewerTests.debug.xcconfig */ = {isa = PBXFileReference; includeInIndex = 1; lastKnownFileType = text.xcconfig; name = "Pods-PhotoViewerTests.debug.xcconfig"; path = "Pods/Target Support Files/Pods-PhotoViewerTests/Pods-PhotoViewerTests.debug.xcconfig"; sourceTree = "<group>"; };
/* End PBXFileReference section */

/* Begin PBXFrameworksBuildPhase section */
		4E838579202CF582001CF293 /* Frameworks */ = {
			isa = PBXFrameworksBuildPhase;
			buildActionMask = 2147483647;
			files = (
				E41E1246088C4CD2D174406E /* Pods_PhotoViewer.framework in Frameworks */,
			);
			runOnlyForDeploymentPostprocessing = 0;
		};
		4E83858D202CF582001CF293 /* Frameworks */ = {
			isa = PBXFrameworksBuildPhase;
			buildActionMask = 2147483647;
			files = (
				8D80C11098A62ACCD85E287B /* Pods_PhotoViewerTests.framework in Frameworks */,
			);
			runOnlyForDeploymentPostprocessing = 0;
		};
		4E838598202CF582001CF293 /* Frameworks */ = {
			isa = PBXFrameworksBuildPhase;
			buildActionMask = 2147483647;
			files = (
				FC89840DB52385798C15C636 /* Pods_PhotoViewerUITests.framework in Frameworks */,
			);
			runOnlyForDeploymentPostprocessing = 0;
		};
/* End PBXFrameworksBuildPhase section */

/* Begin PBXGroup section */
		058A9CD5786E27EF50AD57D2 /* Frameworks */ = {
			isa = PBXGroup;
			children = (
				E6EF60A68E85069F7A8751B5 /* Pods_PhotoViewer.framework */,
				75DE7CDF6AD9D717950EEEFD /* Pods_PhotoViewerTests.framework */,
				C9B181F0BCEFAC92F1989369 /* Pods_PhotoViewerUITests.framework */,
			);
			name = Frameworks;
			sourceTree = "<group>";
		};
		4E78E5D8202F157300BC1431 /* PopupViewController */ = {
			isa = PBXGroup;
			children = (
				4E78E5D9202F158600BC1431 /* PopUpViewController.swift */,
			);
			path = PopupViewController;
			sourceTree = "<group>";
		};
		4E78E5DB202F701A00BC1431 /* PhotoViewController */ = {
			isa = PBXGroup;
			children = (
				4E838581202CF582001CF293 /* ViewController.swift */,
			);
			path = PhotoViewController;
			sourceTree = "<group>";
		};
		4E838573202CF582001CF293 = {
			isa = PBXGroup;
			children = (
				4E83857E202CF582001CF293 /* PhotoViewer */,
				4E838593202CF582001CF293 /* PhotoViewerTests */,
				4E83859E202CF582001CF293 /* PhotoViewerUITests */,
				4E83857D202CF582001CF293 /* Products */,
				597EF162F052FDA4C4E8D45C /* Pods */,
				058A9CD5786E27EF50AD57D2 /* Frameworks */,
			);
			sourceTree = "<group>";
		};
		4E83857D202CF582001CF293 /* Products */ = {
			isa = PBXGroup;
			children = (
				4E83857C202CF582001CF293 /* PhotoViewer.app */,
				4E838590202CF582001CF293 /* PhotoViewerTests.xctest */,
				4E83859B202CF582001CF293 /* PhotoViewerUITests.xctest */,
			);
			name = Products;
			sourceTree = "<group>";
		};
		4E83857E202CF582001CF293 /* PhotoViewer */ = {
			isa = PBXGroup;
			children = (
				4E78E5DB202F701A00BC1431 /* PhotoViewController */,
				4E78E5D8202F157300BC1431 /* PopupViewController */,
				4E8385B5202D0654001CF293 /* BaseViewController */,
				4E8385B0202D04F9001CF293 /* PageViewController */,
				4E8385AE202CF63A001CF293 /* Requests */,
				4E8385AD202CF5EE001CF293 /* Json files */,
				4E83857F202CF582001CF293 /* AppDelegate.swift */,
				4E838583202CF582001CF293 /* Main.storyboard */,
				4E838586202CF582001CF293 /* Assets.xcassets */,
				4E838588202CF582001CF293 /* LaunchScreen.storyboard */,
				4E83858B202CF582001CF293 /* Info.plist */,
			);
			path = PhotoViewer;
			sourceTree = "<group>";
		};
		4E838593202CF582001CF293 /* PhotoViewerTests */ = {
			isa = PBXGroup;
			children = (
				4E838594202CF582001CF293 /* PhotoViewerTests.swift */,
				4E838596202CF582001CF293 /* Info.plist */,
			);
			path = PhotoViewerTests;
			sourceTree = "<group>";
		};
		4E83859E202CF582001CF293 /* PhotoViewerUITests */ = {
			isa = PBXGroup;
			children = (
				4E83859F202CF582001CF293 /* PhotoViewerUITests.swift */,
				4E8385A1202CF583001CF293 /* Info.plist */,
			);
			path = PhotoViewerUITests;
			sourceTree = "<group>";
		};
		4E8385AD202CF5EE001CF293 /* Json files */ = {
			isa = PBXGroup;
			children = (
				4E7AD2DA202E129C00D1CFD9 /* PhotoJson.swift */,
			);
			path = "Json files";
			sourceTree = "<group>";
		};
		4E8385AE202CF63A001CF293 /* Requests */ = {
			isa = PBXGroup;
			children = (
				4E7AD2DC202E18F900D1CFD9 /* Requests.swift */,
			);
			path = Requests;
			sourceTree = "<group>";
		};
		4E8385B0202D04F9001CF293 /* PageViewController */ = {
			isa = PBXGroup;
			children = (
				4E8385B3202D054A001CF293 /* MyPageViewController.swift */,
				4E8385B8202D0C87001CF293 /* OperatingPageViewController.swift */,
				4E78E5D3202EFA4900BC1431 /* FirstViewController.swift */,
				4E78E5D5202EFA6500BC1431 /* SecondViewController.swift */,
			);
			path = PageViewController;
			sourceTree = "<group>";
		};
		4E8385B5202D0654001CF293 /* BaseViewController */ = {
			isa = PBXGroup;
			children = (
				4E8385B6202D066A001CF293 /* BaseViewController.swift */,
			);
			path = BaseViewController;
			sourceTree = "<group>";
		};
		597EF162F052FDA4C4E8D45C /* Pods */ = {
			isa = PBXGroup;
			children = (
				470060AD8BAE5D99C67BD4E4 /* Pods-PhotoViewer.debug.xcconfig */,
				6111FF7C38227536E81818C6 /* Pods-PhotoViewer.release.xcconfig */,
				E6FD4815DCA5F1EDCA691F1B /* Pods-PhotoViewerTests.debug.xcconfig */,
				A995AE75CD1CEF4C4ED08309 /* Pods-PhotoViewerTests.release.xcconfig */,
				D2693F14D2920D6B0FAEEDBA /* Pods-PhotoViewerUITests.debug.xcconfig */,
				E2E28A39FBFF19D0A06FED4C /* Pods-PhotoViewerUITests.release.xcconfig */,
			);
			name = Pods;
			sourceTree = "<group>";
		};
/* End PBXGroup section */

/* Begin PBXNativeTarget section */
		4E83857B202CF582001CF293 /* PhotoViewer */ = {
			isa = PBXNativeTarget;
			buildConfigurationList = 4E8385A4202CF583001CF293 /* Build configuration list for PBXNativeTarget "PhotoViewer" */;
			buildPhases = (
				5FF085EB31095CAB51882F7B /* [CP] Check Pods Manifest.lock */,
				4E838578202CF582001CF293 /* Sources */,
				4E838579202CF582001CF293 /* Frameworks */,
				4E83857A202CF582001CF293 /* Resources */,
				94DC9E13474BA7F615A1613D /* [CP] Embed Pods Frameworks */,
				D497FB8B7BD4B27532F3176F /* [CP] Copy Pods Resources */,
			);
			buildRules = (
			);
			dependencies = (
			);
			name = PhotoViewer;
			productName = PhotoViewer;
			productReference = 4E83857C202CF582001CF293 /* PhotoViewer.app */;
			productType = "com.apple.product-type.application";
		};
		4E83858F202CF582001CF293 /* PhotoViewerTests */ = {
			isa = PBXNativeTarget;
			buildConfigurationList = 4E8385A7202CF583001CF293 /* Build configuration list for PBXNativeTarget "PhotoViewerTests" */;
			buildPhases = (
				683C0D2D79CA2EA5CCC11C6B /* [CP] Check Pods Manifest.lock */,
				4E83858C202CF582001CF293 /* Sources */,
				4E83858D202CF582001CF293 /* Frameworks */,
				4E83858E202CF582001CF293 /* Resources */,
				25B886C86B329356A3F7F0C6 /* [CP] Embed Pods Frameworks */,
				3C01A1D8F27D2B5D160224FC /* [CP] Copy Pods Resources */,
			);
			buildRules = (
			);
			dependencies = (
				4E838592202CF582001CF293 /* PBXTargetDependency */,
			);
			name = PhotoViewerTests;
			productName = PhotoViewerTests;
			productReference = 4E838590202CF582001CF293 /* PhotoViewerTests.xctest */;
			productType = "com.apple.product-type.bundle.unit-test";
		};
		4E83859A202CF582001CF293 /* PhotoViewerUITests */ = {
			isa = PBXNativeTarget;
			buildConfigurationList = 4E8385AA202CF583001CF293 /* Build configuration list for PBXNativeTarget "PhotoViewerUITests" */;
			buildPhases = (
				087589E3EA8C72DAE53CBA69 /* [CP] Check Pods Manifest.lock */,
				4E838597202CF582001CF293 /* Sources */,
				4E838598202CF582001CF293 /* Frameworks */,
				4E838599202CF582001CF293 /* Resources */,
				2EF7B489E7631CC61180C9C2 /* [CP] Embed Pods Frameworks */,
				8527C40AB2A5DF36760FE823 /* [CP] Copy Pods Resources */,
			);
			buildRules = (
			);
			dependencies = (
				4E83859D202CF582001CF293 /* PBXTargetDependency */,
			);
			name = PhotoViewerUITests;
			productName = PhotoViewerUITests;
			productReference = 4E83859B202CF582001CF293 /* PhotoViewerUITests.xctest */;
			productType = "com.apple.product-type.bundle.ui-testing";
		};
/* End PBXNativeTarget section */

/* Begin PBXProject section */
		4E838574202CF582001CF293 /* Project object */ = {
			isa = PBXProject;
			attributes = {
				LastSwiftUpdateCheck = 0920;
				LastUpgradeCheck = 0920;
				ORGANIZATIONNAME = "Ali Jaber";
				TargetAttributes = {
					4E83857B202CF582001CF293 = {
						CreatedOnToolsVersion = 9.2;
						ProvisioningStyle = Automatic;
					};
					4E83858F202CF582001CF293 = {
						CreatedOnToolsVersion = 9.2;
						ProvisioningStyle = Automatic;
						TestTargetID = 4E83857B202CF582001CF293;
					};
					4E83859A202CF582001CF293 = {
						CreatedOnToolsVersion = 9.2;
						ProvisioningStyle = Automatic;
						TestTargetID = 4E83857B202CF582001CF293;
					};
				};
			};
			buildConfigurationList = 4E838577202CF582001CF293 /* Build configuration list for PBXProject "PhotoViewer" */;
			compatibilityVersion = "Xcode 8.0";
			developmentRegion = en;
			hasScannedForEncodings = 0;
			knownRegions = (
				en,
				Base,
			);
			mainGroup = 4E838573202CF582001CF293;
			productRefGroup = 4E83857D202CF582001CF293 /* Products */;
			projectDirPath = "";
			projectRoot = "";
			targets = (
				4E83857B202CF582001CF293 /* PhotoViewer */,
				4E83858F202CF582001CF293 /* PhotoViewerTests */,
				4E83859A202CF582001CF293 /* PhotoViewerUITests */,
			);
		};
/* End PBXProject section */

/* Begin PBXResourcesBuildPhase section */
		4E83857A202CF582001CF293 /* Resources */ = {
			isa = PBXResourcesBuildPhase;
			buildActionMask = 2147483647;
			files = (
				4E83858A202CF582001CF293 /* LaunchScreen.storyboard in Resources */,
				4E838587202CF582001CF293 /* Assets.xcassets in Resources */,
				4E838585202CF582001CF293 /* Main.storyboard in Resources */,
			);
			runOnlyForDeploymentPostprocessing = 0;
		};
		4E83858E202CF582001CF293 /* Resources */ = {
			isa = PBXResourcesBuildPhase;
			buildActionMask = 2147483647;
			files = (
			);
			runOnlyForDeploymentPostprocessing = 0;
		};
		4E838599202CF582001CF293 /* Resources */ = {
			isa = PBXResourcesBuildPhase;
			buildActionMask = 2147483647;
			files = (
			);
			runOnlyForDeploymentPostprocessing = 0;
		};
/* End PBXResourcesBuildPhase section */

/* Begin PBXShellScriptBuildPhase section */
		087589E3EA8C72DAE53CBA69 /* [CP] Check Pods Manifest.lock */ = {
			isa = PBXShellScriptBuildPhase;
			buildActionMask = 2147483647;
			files = (
			);
			inputPaths = (
				"${PODS_PODFILE_DIR_PATH}/Podfile.lock",
				"${PODS_ROOT}/Manifest.lock",
			);
			name = "[CP] Check Pods Manifest.lock";
			outputPaths = (
				"$(DERIVED_FILE_DIR)/Pods-PhotoViewerUITests-checkManifestLockResult.txt",
			);
			runOnlyForDeploymentPostprocessing = 0;
			shellPath = /bin/sh;
			shellScript = "diff \"${PODS_PODFILE_DIR_PATH}/Podfile.lock\" \"${PODS_ROOT}/Manifest.lock\" > /dev/null\nif [ $? != 0 ] ; then\n    # print error to STDERR\n    echo \"error: The sandbox is not in sync with the Podfile.lock. Run 'pod install' or update your CocoaPods installation.\" >&2\n    exit 1\nfi\n# This output is used by Xcode 'outputs' to avoid re-running this script phase.\necho \"SUCCESS\" > \"${SCRIPT_OUTPUT_FILE_0}\"\n";
			showEnvVarsInLog = 0;
		};
		25B886C86B329356A3F7F0C6 /* [CP] Embed Pods Frameworks */ = {
			isa = PBXShellScriptBuildPhase;
			buildActionMask = 2147483647;
			files = (
			);
			inputPaths = (
			);
			name = "[CP] Embed Pods Frameworks";
			outputPaths = (
			);
			runOnlyForDeploymentPostprocessing = 0;
			shellPath = /bin/sh;
			shellScript = "\"${SRCROOT}/Pods/Target Support Files/Pods-PhotoViewerTests/Pods-PhotoViewerTests-frameworks.sh\"\n";
			showEnvVarsInLog = 0;
		};
		2EF7B489E7631CC61180C9C2 /* [CP] Embed Pods Frameworks */ = {
			isa = PBXShellScriptBuildPhase;
			buildActionMask = 2147483647;
			files = (
			);
			inputPaths = (
			);
			name = "[CP] Embed Pods Frameworks";
			outputPaths = (
			);
			runOnlyForDeploymentPostprocessing = 0;
			shellPath = /bin/sh;
			shellScript = "\"${SRCROOT}/Pods/Target Support Files/Pods-PhotoViewerUITests/Pods-PhotoViewerUITests-frameworks.sh\"\n";
			showEnvVarsInLog = 0;
		};
		3C01A1D8F27D2B5D160224FC /* [CP] Copy Pods Resources */ = {
			isa = PBXShellScriptBuildPhase;
			buildActionMask = 2147483647;
			files = (
			);
			inputPaths = (
			);
			name = "[CP] Copy Pods Resources";
			outputPaths = (
			);
			runOnlyForDeploymentPostprocessing = 0;
			shellPath = /bin/sh;
			shellScript = "\"${SRCROOT}/Pods/Target Support Files/Pods-PhotoViewerTests/Pods-PhotoViewerTests-resources.sh\"\n";
			showEnvVarsInLog = 0;
		};
		5FF085EB31095CAB51882F7B /* [CP] Check Pods Manifest.lock */ = {
			isa = PBXShellScriptBuildPhase;
			buildActionMask = 2147483647;
			files = (
			);
			inputPaths = (
				"${PODS_PODFILE_DIR_PATH}/Podfile.lock",
				"${PODS_ROOT}/Manifest.lock",
			);
			name = "[CP] Check Pods Manifest.lock";
			outputPaths = (
				"$(DERIVED_FILE_DIR)/Pods-PhotoViewer-checkManifestLockResult.txt",
			);
			runOnlyForDeploymentPostprocessing = 0;
			shellPath = /bin/sh;
			shellScript = "diff \"${PODS_PODFILE_DIR_PATH}/Podfile.lock\" \"${PODS_ROOT}/Manifest.lock\" > /dev/null\nif [ $? != 0 ] ; then\n    # print error to STDERR\n    echo \"error: The sandbox is not in sync with the Podfile.lock. Run 'pod install' or update your CocoaPods installation.\" >&2\n    exit 1\nfi\n# This output is used by Xcode 'outputs' to avoid re-running this script phase.\necho \"SUCCESS\" > \"${SCRIPT_OUTPUT_FILE_0}\"\n";
			showEnvVarsInLog = 0;
		};
		683C0D2D79CA2EA5CCC11C6B /* [CP] Check Pods Manifest.lock */ = {
			isa = PBXShellScriptBuildPhase;
			buildActionMask = 2147483647;
			files = (
			);
			inputPaths = (
				"${PODS_PODFILE_DIR_PATH}/Podfile.lock",
				"${PODS_ROOT}/Manifest.lock",
			);
			name = "[CP] Check Pods Manifest.lock";
			outputPaths = (
				"$(DERIVED_FILE_DIR)/Pods-PhotoViewerTests-checkManifestLockResult.txt",
			);
			runOnlyForDeploymentPostprocessing = 0;
			shellPath = /bin/sh;
			shellScript = "diff \"${PODS_PODFILE_DIR_PATH}/Podfile.lock\" \"${PODS_ROOT}/Manifest.lock\" > /dev/null\nif [ $? != 0 ] ; then\n    # print error to STDERR\n    echo \"error: The sandbox is not in sync with the Podfile.lock. Run 'pod install' or update your CocoaPods installation.\" >&2\n    exit 1\nfi\n# This output is used by Xcode 'outputs' to avoid re-running this script phase.\necho \"SUCCESS\" > \"${SCRIPT_OUTPUT_FILE_0}\"\n";
			showEnvVarsInLog = 0;
		};
		8527C40AB2A5DF36760FE823 /* [CP] Copy Pods Resources */ = {
			isa = PBXShellScriptBuildPhase;
			buildActionMask = 2147483647;
			files = (
			);
			inputPaths = (
			);
			name = "[CP] Copy Pods Resources";
			outputPaths = (
			);
			runOnlyForDeploymentPostprocessing = 0;
			shellPath = /bin/sh;
			shellScript = "\"${SRCROOT}/Pods/Target Support Files/Pods-PhotoViewerUITests/Pods-PhotoViewerUITests-resources.sh\"\n";
			showEnvVarsInLog = 0;
		};
		94DC9E13474BA7F615A1613D /* [CP] Embed Pods Frameworks */ = {
			isa = PBXShellScriptBuildPhase;
			buildActionMask = 2147483647;
			files = (
			);
			inputPaths = (
				"${SRCROOT}/Pods/Target Support Files/Pods-PhotoViewer/Pods-PhotoViewer-frameworks.sh",
				"${BUILT_PRODUCTS_DIR}/Alamofire/Alamofire.framework",
				"${BUILT_PRODUCTS_DIR}/Kingfisher/Kingfisher.framework",
				"${BUILT_PRODUCTS_DIR}/SVProgressHUD/SVProgressHUD.framework",
			);
			name = "[CP] Embed Pods Frameworks";
			outputPaths = (
				"${TARGET_BUILD_DIR}/${FRAMEWORKS_FOLDER_PATH}/Alamofire.framework",
				"${TARGET_BUILD_DIR}/${FRAMEWORKS_FOLDER_PATH}/Kingfisher.framework",
				"${TARGET_BUILD_DIR}/${FRAMEWORKS_FOLDER_PATH}/SVProgressHUD.framework",
			);
			runOnlyForDeploymentPostprocessing = 0;
			shellPath = /bin/sh;
			shellScript = "\"${SRCROOT}/Pods/Target Support Files/Pods-PhotoViewer/Pods-PhotoViewer-frameworks.sh\"\n";
			showEnvVarsInLog = 0;
		};
		D497FB8B7BD4B27532F3176F /* [CP] Copy Pods Resources */ = {
			isa = PBXShellScriptBuildPhase;
			buildActionMask = 2147483647;
			files = (
			);
			inputPaths = (
			);
			name = "[CP] Copy Pods Resources";
			outputPaths = (
			);
			runOnlyForDeploymentPostprocessing = 0;
			shellPath = /bin/sh;
			shellScript = "\"${SRCROOT}/Pods/Target Support Files/Pods-PhotoViewer/Pods-PhotoViewer-resources.sh\"\n";
			showEnvVarsInLog = 0;
		};
/* End PBXShellScriptBuildPhase section */

/* Begin PBXSourcesBuildPhase section */
		4E838578202CF582001CF293 /* Sources */ = {
			isa = PBXSourcesBuildPhase;
			buildActionMask = 2147483647;
			files = (
				4E8385B9202D0C87001CF293 /* OperatingPageViewController.swift in Sources */,
				4E838582202CF582001CF293 /* ViewController.swift in Sources */,
				4E8385B7202D066A001CF293 /* BaseViewController.swift in Sources */,
				4E78E5D6202EFA6500BC1431 /* SecondViewController.swift in Sources */,
				4E78E5D4202EFA4900BC1431 /* FirstViewController.swift in Sources */,
				4E78E5DA202F158600BC1431 /* PopUpViewController.swift in Sources */,
				4E8385B4202D054A001CF293 /* MyPageViewController.swift in Sources */,
				4E7AD2DB202E129C00D1CFD9 /* PhotoJson.swift in Sources */,
				4E7AD2DD202E18F900D1CFD9 /* Requests.swift in Sources */,
				4E838580202CF582001CF293 /* AppDelegate.swift in Sources */,
			);
			runOnlyForDeploymentPostprocessing = 0;
		};
		4E83858C202CF582001CF293 /* Sources */ = {
			isa = PBXSourcesBuildPhase;
			buildActionMask = 2147483647;
			files = (
				4E838595202CF582001CF293 /* PhotoViewerTests.swift in Sources */,
			);
			runOnlyForDeploymentPostprocessing = 0;
		};
		4E838597202CF582001CF293 /* Sources */ = {
			isa = PBXSourcesBuildPhase;
			buildActionMask = 2147483647;
			files = (
				4E8385A0202CF582001CF293 /* PhotoViewerUITests.swift in Sources */,
			);
			runOnlyForDeploymentPostprocessing = 0;
		};
/* End PBXSourcesBuildPhase section */

/* Begin PBXTargetDependency section */
		4E838592202CF582001CF293 /* PBXTargetDependency */ = {
			isa = PBXTargetDependency;
			target = 4E83857B202CF582001CF293 /* PhotoViewer */;
			targetProxy = 4E838591202CF582001CF293 /* PBXContainerItemProxy */;
		};
		4E83859D202CF582001CF293 /* PBXTargetDependency */ = {
			isa = PBXTargetDependency;
			target = 4E83857B202CF582001CF293 /* PhotoViewer */;
			targetProxy = 4E83859C202CF582001CF293 /* PBXContainerItemProxy */;
		};
/* End PBXTargetDependency section */

/* Begin PBXVariantGroup section */
		4E838583202CF582001CF293 /* Main.storyboard */ = {
			isa = PBXVariantGroup;
			children = (
				4E838584202CF582001CF293 /* Base */,
			);
			name = Main.storyboard;
			sourceTree = "<group>";
		};
		4E838588202CF582001CF293 /* LaunchScreen.storyboard */ = {
			isa = PBXVariantGroup;
			children = (
				4E838589202CF582001CF293 /* Base */,
			);
			name = LaunchScreen.storyboard;
			sourceTree = "<group>";
		};
/* End PBXVariantGroup section */

/* Begin XCBuildConfiguration section */
		4E8385A2202CF583001CF293 /* Debug */ = {
			isa = XCBuildConfiguration;
			buildSettings = {
				ALWAYS_SEARCH_USER_PATHS = NO;
				CLANG_ANALYZER_NONNULL = YES;
				CLANG_ANALYZER_NUMBER_OBJECT_CONVERSION = YES_AGGRESSIVE;
				CLANG_CXX_LANGUAGE_STANDARD = "gnu++14";
				CLANG_CXX_LIBRARY = "libc++";
				CLANG_ENABLE_MODULES = YES;
				CLANG_ENABLE_OBJC_ARC = YES;
				CLANG_WARN_BLOCK_CAPTURE_AUTORELEASING = YES;
				CLANG_WARN_BOOL_CONVERSION = YES;
				CLANG_WARN_COMMA = YES;
				CLANG_WARN_CONSTANT_CONVERSION = YES;
				CLANG_WARN_DIRECT_OBJC_ISA_USAGE = YES_ERROR;
				CLANG_WARN_DOCUMENTATION_COMMENTS = YES;
				CLANG_WARN_EMPTY_BODY = YES;
				CLANG_WARN_ENUM_CONVERSION = YES;
				CLANG_WARN_INFINITE_RECURSION = YES;
				CLANG_WARN_INT_CONVERSION = YES;
				CLANG_WARN_NON_LITERAL_NULL_CONVERSION = YES;
				CLANG_WARN_OBJC_LITERAL_CONVERSION = YES;
				CLANG_WARN_OBJC_ROOT_CLASS = YES_ERROR;
				CLANG_WARN_RANGE_LOOP_ANALYSIS = YES;
				CLANG_WARN_STRICT_PROTOTYPES = YES;
				CLANG_WARN_SUSPICIOUS_MOVE = YES;
				CLANG_WARN_UNGUARDED_AVAILABILITY = YES_AGGRESSIVE;
				CLANG_WARN_UNREACHABLE_CODE = YES;
				CLANG_WARN__DUPLICATE_METHOD_MATCH = YES;
				CODE_SIGN_IDENTITY = "iPhone Developer";
				COPY_PHASE_STRIP = NO;
				DEBUG_INFORMATION_FORMAT = dwarf;
				ENABLE_STRICT_OBJC_MSGSEND = YES;
				ENABLE_TESTABILITY = YES;
				GCC_C_LANGUAGE_STANDARD = gnu11;
				GCC_DYNAMIC_NO_PIC = NO;
				GCC_NO_COMMON_BLOCKS = YES;
				GCC_OPTIMIZATION_LEVEL = 0;
				GCC_PREPROCESSOR_DEFINITIONS = (
					"DEBUG=1",
					"$(inherited)",
				);
				GCC_WARN_64_TO_32_BIT_CONVERSION = YES;
				GCC_WARN_ABOUT_RETURN_TYPE = YES_ERROR;
				GCC_WARN_UNDECLARED_SELECTOR = YES;
				GCC_WARN_UNINITIALIZED_AUTOS = YES_AGGRESSIVE;
				GCC_WARN_UNUSED_FUNCTION = YES;
				GCC_WARN_UNUSED_VARIABLE = YES;
				IPHONEOS_DEPLOYMENT_TARGET = 11.2;
				MTL_ENABLE_DEBUG_INFO = YES;
				ONLY_ACTIVE_ARCH = YES;
				SDKROOT = iphoneos;
				SWIFT_ACTIVE_COMPILATION_CONDITIONS = DEBUG;
				SWIFT_OPTIMIZATION_LEVEL = "-Onone";
			};
			name = Debug;
		};
		4E8385A3202CF583001CF293 /* Release */ = {
			isa = XCBuildConfiguration;
			buildSettings = {
				ALWAYS_SEARCH_USER_PATHS = NO;
				CLANG_ANALYZER_NONNULL = YES;
				CLANG_ANALYZER_NUMBER_OBJECT_CONVERSION = YES_AGGRESSIVE;
				CLANG_CXX_LANGUAGE_STANDARD = "gnu++14";
				CLANG_CXX_LIBRARY = "libc++";
				CLANG_ENABLE_MODULES = YES;
				CLANG_ENABLE_OBJC_ARC = YES;
				CLANG_WARN_BLOCK_CAPTURE_AUTORELEASING = YES;
				CLANG_WARN_BOOL_CONVERSION = YES;
				CLANG_WARN_COMMA = YES;
				CLANG_WARN_CONSTANT_CONVERSION = YES;
				CLANG_WARN_DIRECT_OBJC_ISA_USAGE = YES_ERROR;
				CLANG_WARN_DOCUMENTATION_COMMENTS = YES;
				CLANG_WARN_EMPTY_BODY = YES;
				CLANG_WARN_ENUM_CONVERSION = YES;
				CLANG_WARN_INFINITE_RECURSION = YES;
				CLANG_WARN_INT_CONVERSION = YES;
				CLANG_WARN_NON_LITERAL_NULL_CONVERSION = YES;
				CLANG_WARN_OBJC_LITERAL_CONVERSION = YES;
				CLANG_WARN_OBJC_ROOT_CLASS = YES_ERROR;
				CLANG_WARN_RANGE_LOOP_ANALYSIS = YES;
				CLANG_WARN_STRICT_PROTOTYPES = YES;
				CLANG_WARN_SUSPICIOUS_MOVE = YES;
				CLANG_WARN_UNGUARDED_AVAILABILITY = YES_AGGRESSIVE;
				CLANG_WARN_UNREACHABLE_CODE = YES;
				CLANG_WARN__DUPLICATE_METHOD_MATCH = YES;
				CODE_SIGN_IDENTITY = "iPhone Developer";
				COPY_PHASE_STRIP = NO;
				DEBUG_INFORMATION_FORMAT = "dwarf-with-dsym";
				ENABLE_NS_ASSERTIONS = NO;
				ENABLE_STRICT_OBJC_MSGSEND = YES;
				GCC_C_LANGUAGE_STANDARD = gnu11;
				GCC_NO_COMMON_BLOCKS = YES;
				GCC_WARN_64_TO_32_BIT_CONVERSION = YES;
				GCC_WARN_ABOUT_RETURN_TYPE = YES_ERROR;
				GCC_WARN_UNDECLARED_SELECTOR = YES;
				GCC_WARN_UNINITIALIZED_AUTOS = YES_AGGRESSIVE;
				GCC_WARN_UNUSED_FUNCTION = YES;
				GCC_WARN_UNUSED_VARIABLE = YES;
				IPHONEOS_DEPLOYMENT_TARGET = 11.2;
				MTL_ENABLE_DEBUG_INFO = NO;
				SDKROOT = iphoneos;
				SWIFT_OPTIMIZATION_LEVEL = "-Owholemodule";
				VALIDATE_PRODUCT = YES;
			};
			name = Release;
		};
		4E8385A5202CF583001CF293 /* Debug */ = {
			isa = XCBuildConfiguration;
			baseConfigurationReference = 470060AD8BAE5D99C67BD4E4 /* Pods-PhotoViewer.debug.xcconfig */;
			buildSettings = {
				ASSETCATALOG_COMPILER_APPICON_NAME = AppIcon;
				CODE_SIGN_STYLE = Automatic;
				INFOPLIST_FILE = PhotoViewer/Info.plist;
				LD_RUNPATH_SEARCH_PATHS = "$(inherited) @executable_path/Frameworks";
				PRODUCT_BUNDLE_IDENTIFIER = "Ali-Jaber.PhotoViewer";
				PRODUCT_NAME = "$(TARGET_NAME)";
				SWIFT_VERSION = 4.0;
				TARGETED_DEVICE_FAMILY = "1,2";
			};
			name = Debug;
		};
		4E8385A6202CF583001CF293 /* Release */ = {
			isa = XCBuildConfiguration;
			baseConfigurationReference = 6111FF7C38227536E81818C6 /* Pods-PhotoViewer.release.xcconfig */;
			buildSettings = {
				ASSETCATALOG_COMPILER_APPICON_NAME = AppIcon;
				CODE_SIGN_STYLE = Automatic;
				INFOPLIST_FILE = PhotoViewer/Info.plist;
				LD_RUNPATH_SEARCH_PATHS = "$(inherited) @executable_path/Frameworks";
				PRODUCT_BUNDLE_IDENTIFIER = "Ali-Jaber.PhotoViewer";
				PRODUCT_NAME = "$(TARGET_NAME)";
				SWIFT_VERSION = 4.0;
				TARGETED_DEVICE_FAMILY = "1,2";
			};
			name = Release;
		};
		4E8385A8202CF583001CF293 /* Debug */ = {
			isa = XCBuildConfiguration;
			baseConfigurationReference = E6FD4815DCA5F1EDCA691F1B /* Pods-PhotoViewerTests.debug.xcconfig */;
			buildSettings = {
				ALWAYS_EMBED_SWIFT_STANDARD_LIBRARIES = YES;
				BUNDLE_LOADER = "$(TEST_HOST)";
				CODE_SIGN_STYLE = Automatic;
				INFOPLIST_FILE = PhotoViewerTests/Info.plist;
				LD_RUNPATH_SEARCH_PATHS = "$(inherited) @executable_path/Frameworks @loader_path/Frameworks";
				PRODUCT_BUNDLE_IDENTIFIER = "Ali-Jaber.PhotoViewerTests";
				PRODUCT_NAME = "$(TARGET_NAME)";
				SWIFT_VERSION = 4.0;
				TARGETED_DEVICE_FAMILY = "1,2";
				TEST_HOST = "$(BUILT_PRODUCTS_DIR)/PhotoViewer.app/PhotoViewer";
			};
			name = Debug;
		};
		4E8385A9202CF583001CF293 /* Release */ = {
			isa = XCBuildConfiguration;
			baseConfigurationReference = A995AE75CD1CEF4C4ED08309 /* Pods-PhotoViewerTests.release.xcconfig */;
			buildSettings = {
				ALWAYS_EMBED_SWIFT_STANDARD_LIBRARIES = YES;
				BUNDLE_LOADER = "$(TEST_HOST)";
				CODE_SIGN_STYLE = Automatic;
				INFOPLIST_FILE = PhotoViewerTests/Info.plist;
				LD_RUNPATH_SEARCH_PATHS = "$(inherited) @executable_path/Frameworks @loader_path/Frameworks";
				PRODUCT_BUNDLE_IDENTIFIER = "Ali-Jaber.PhotoViewerTests";
				PRODUCT_NAME = "$(TARGET_NAME)";
				SWIFT_VERSION = 4.0;
				TARGETED_DEVICE_FAMILY = "1,2";
				TEST_HOST = "$(BUILT_PRODUCTS_DIR)/PhotoViewer.app/PhotoViewer";
			};
			name = Release;
		};
		4E8385AB202CF583001CF293 /* Debug */ = {
			isa = XCBuildConfiguration;
			baseConfigurationReference = D2693F14D2920D6B0FAEEDBA /* Pods-PhotoViewerUITests.debug.xcconfig */;
			buildSettings = {
				ALWAYS_EMBED_SWIFT_STANDARD_LIBRARIES = YES;
				CODE_SIGN_STYLE = Automatic;
				INFOPLIST_FILE = PhotoViewerUITests/Info.plist;
				LD_RUNPATH_SEARCH_PATHS = "$(inherited) @executable_path/Frameworks @loader_path/Frameworks";
				PRODUCT_BUNDLE_IDENTIFIER = "Ali-Jaber.PhotoViewerUITests";
				PRODUCT_NAME = "$(TARGET_NAME)";
				SWIFT_VERSION = 4.0;
				TARGETED_DEVICE_FAMILY = "1,2";
				TEST_TARGET_NAME = PhotoViewer;
			};
			name = Debug;
		};
		4E8385AC202CF583001CF293 /* Release */ = {
			isa = XCBuildConfiguration;
			baseConfigurationReference = E2E28A39FBFF19D0A06FED4C /* Pods-PhotoViewerUITests.release.xcconfig */;
			buildSettings = {
				ALWAYS_EMBED_SWIFT_STANDARD_LIBRARIES = YES;
				CODE_SIGN_STYLE = Automatic;
				INFOPLIST_FILE = PhotoViewerUITests/Info.plist;
				LD_RUNPATH_SEARCH_PATHS = "$(inherited) @executable_path/Frameworks @loader_path/Frameworks";
				PRODUCT_BUNDLE_IDENTIFIER = "Ali-Jaber.PhotoViewerUITests";
				PRODUCT_NAME = "$(TARGET_NAME)";
				SWIFT_VERSION = 4.0;
				TARGETED_DEVICE_FAMILY = "1,2";
				TEST_TARGET_NAME = PhotoViewer;
			};
			name = Release;
		};
/* End XCBuildConfiguration section */

/* Begin XCConfigurationList section */
		4E838577202CF582001CF293 /* Build configuration list for PBXProject "PhotoViewer" */ = {
			isa = XCConfigurationList;
			buildConfigurations = (
				4E8385A2202CF583001CF293 /* Debug */,
				4E8385A3202CF583001CF293 /* Release */,
			);
			defaultConfigurationIsVisible = 0;
			defaultConfigurationName = Release;
		};
		4E8385A4202CF583001CF293 /* Build configuration list for PBXNativeTarget "PhotoViewer" */ = {
			isa = XCConfigurationList;
			buildConfigurations = (
				4E8385A5202CF583001CF293 /* Debug */,
				4E8385A6202CF583001CF293 /* Release */,
			);
			defaultConfigurationIsVisible = 0;
			defaultConfigurationName = Release;
		};
		4E8385A7202CF583001CF293 /* Build configuration list for PBXNativeTarget "PhotoViewerTests" */ = {
			isa = XCConfigurationList;
			buildConfigurations = (
				4E8385A8202CF583001CF293 /* Debug */,
				4E8385A9202CF583001CF293 /* Release */,
			);
			defaultConfigurationIsVisible = 0;
			defaultConfigurationName = Release;
		};
		4E8385AA202CF583001CF293 /* Build configuration list for PBXNativeTarget "PhotoViewerUITests" */ = {
			isa = XCConfigurationList;
			buildConfigurations = (
				4E8385AB202CF583001CF293 /* Debug */,
				4E8385AC202CF583001CF293 /* Release */,
			);
			defaultConfigurationIsVisible = 0;
			defaultConfigurationName = Release;
		};
/* End XCConfigurationList section */
	};
	rootObject = 4E838574202CF582001CF293 /* Project object */;
}
